{
  "name": "via_proj2",
  "version": "1.0.0",
  "lockfileVersion": 3,
  "requires": true,
  "packages": {
    "": {
      "name": "via_proj2",
      "version": "1.0.0",
      "license": "ISC",
      "dependencies": {
        "chart.js": "^4.0.1",
        "uikit": "^3.15.14"
      }
    },
    "node_modules/chart.js": {
      "version": "4.0.1",
      "resolved": "https://registry.npmjs.org/chart.js/-/chart.js-4.0.1.tgz",
      "integrity": "sha512-5/8/9eBivwBZK81mKvmIwTb2Pmw4D/5h1RK9fBWZLLZ8mCJ+kfYNmV9rMrGoa5Hgy2/wVDBMLSUDudul2/9ihA==",
      "engines": {
        "pnpm": "^7.0.0"
      }
    },
    "node_modules/uikit": {
      "version": "3.15.14",
      "resolved": "https://registry.npmjs.org/uikit/-/uikit-3.15.14.tgz",
      "integrity": "sha512-ENlsW5bghnszAEjqfMqcy9QdHammDvHkpWHKTnEuWkRWbkQ3/fPwfnT6zfr9Ns2I2Ib4frODZfWy8+ifYnewVQ=="
    }
  }
}
